{
  "name": "2",
  "version": "1.0.0",
  "lockfileVersion": 1,
  "requires": true,
  "dependencies": {
    "async-listener": {
      "version": "0.4.7",
      "resolved": "https://registry.npmjs.org/async-listener/-/async-listener-0.4.7.tgz",
      "integrity": "sha1-DY45ALMY4tY8WHGCIRoe7zu1u4I=",
      "requires": {
        "shimmer": "1.0.0"
      }
    },
    "clarify": {
      "version": "2.1.0",
      "resolved": "https://registry.npmjs.org/clarify/-/clarify-2.1.0.tgz",
      "integrity": "sha512-sWdsTozdtoFQbmncCXqCKeUzQbEZul/WJ8xYGVJgfIf4xMEM5q0La+Gjo2MFNOVL0FfTFteHqw6JX+9M71dAdQ==",
      "requires": {
        "stack-chain": "^2.0.0"
      }
    },
    "shimmer": {
      "version": "1.0.0",
      "resolved": "https://registry.npmjs.org/shimmer/-/shimmer-1.0.0.tgz",
      "integrity": "sha1-ScLXHGeDYLgCvhiyeDgtHLuAXDk="
    },
    "stack-chain": {
      "version": "2.0.0",
      "resolved": "https://registry.npmjs.org/stack-chain/-/stack-chain-2.0.0.tgz",
      "integrity": "sha512-GGrHXePi305aW7XQweYZZwiRwR7Js3MWoK/EHzzB9ROdc75nCnjSJVi21rdAGxFl+yCx2L2qdfl5y7NO4lTyqg=="
    },
    "stackup": {
      "version": "1.0.2",
      "resolved": "https://registry.npmjs.org/stackup/-/stackup-1.0.2.tgz",
      "integrity": "sha512-hYMHhZw/uy+ANKRgBAn24R2iUwvNBbWaQZhVnZ2Qze092By0c8PO78e2ZfIWLbSYzIIVag9EPfheGNvvPVM5EQ==",
      "requires": {
        "async-listener": "~0.4.7"
      }
    },
    "trace": {
      "version": "3.1.0",
      "resolved": "https://registry.npmjs.org/trace/-/trace-3.1.0.tgz",
      "integrity": "sha512-TM3FY+Kbpz7E81J+AHqA6abcQ9+ExAer2Xw0qFBlPwqPfjooYjJ6KOe+B7Y8lbUc7W7xtRC0aH6lGgrXoo7/Ig==",
      "requires": {
        "stack-chain": "^2.0.0"
      }
    }
  }
}
